
Microsoft Visual Studio Solution File, Format Version 12.00
# Visual Studio 15
VisualStudioVersion = 15.0.28307.489
MinimumVisualStudioVersion = 10.0.40219.1
Project("{2150E333-8FDC-42A3-9474-1A3956D46DE8}") = "Engine", "Engine", "{BE2B9025-A12E-4F78-A8B2-1D0D023D0530}"
EndProject
Project("{2150E333-8FDC-42A3-9474-1A3956D46DE8}") = "Tests", "Tests", "{427AADD8-1BBC-40FE-A8FA-E68FA77AC4DC}"
EndProject
Project("{8BC9CEB8-8B4A-11D0-8D11-00A0C91BC942}") = "AI", "src\AI\AI.vcxproj", "{514DFBCE-09CD-4C33-AFB4-275CA8995432}"
EndProject
Project("{8BC9CEB8-8B4A-11D0-8D11-00A0C91BC942}") = "Core", "src\Core\Core.vcxproj", "{38E97199-F4E4-4704-B916-DD286525C84B}"
EndProject
Project("{8BC9CEB8-8B4A-11D0-8D11-00A0C91BC942}") = "D3D11Renderer", "src\D3D11Renderer\D3D11Renderer.vcxproj", "{062BAC3D-0EA5-48E2-98EA-58215896E1EA}"
EndProject
Project("{8BC9CEB8-8B4A-11D0-8D11-00A0C91BC942}") = "Math", "src\Math\Math.vcxproj", "{4EE1F241-1190-4A8F-BE2A-2054BCAB3709}"
EndProject
Project("{8BC9CEB8-8B4A-11D0-8D11-00A0C91BC942}") = "Renderer", "src\Renderer\Renderer.vcxproj", "{B80E49A4-1D06-4643-9EF0-34E4E56781AD}"
EndProject
Project("{8BC9CEB8-8B4A-11D0-8D11-00A0C91BC942}") = "UnitTests", "src\UnitTests\UnitTests.vcxproj", "{229D651B-F95F-4598-9713-86A61C057AF2}"
EndProject
Project("{8BC9CEB8-8B4A-11D0-8D11-00A0C91BC942}") = "Launcher", "src\Launcher\Launcher.vcxproj", "{7B92393F-8D60-4C3C-9F7D-A6D4D5AF7D1C}"
EndProject
Global
	GlobalSection(SolutionConfigurationPlatforms) = preSolution
		Debug|x64 = Debug|x64
		Debug|x86 = Debug|x86
		Release|x64 = Release|x64
		Release|x86 = Release|x86
	EndGlobalSection
	GlobalSection(ProjectConfigurationPlatforms) = postSolution
		{514DFBCE-09CD-4C33-AFB4-275CA8995432}.Debug|x64.ActiveCfg = Debug|x64
		{514DFBCE-09CD-4C33-AFB4-275CA8995432}.Debug|x64.Build.0 = Debug|x64
		{514DFBCE-09CD-4C33-AFB4-275CA8995432}.Debug|x86.ActiveCfg = Debug|Win32
		{514DFBCE-09CD-4C33-AFB4-275CA8995432}.Debug|x86.Build.0 = Debug|Win32
		{514DFBCE-09CD-4C33-AFB4-275CA8995432}.Release|x64.ActiveCfg = Release|x64
		{514DFBCE-09CD-4C33-AFB4-275CA8995432}.Release|x64.Build.0 = Release|x64
		{514DFBCE-09CD-4C33-AFB4-275CA8995432}.Release|x86.ActiveCfg = Release|Win32
		{514DFBCE-09CD-4C33-AFB4-275CA8995432}.Release|x86.Build.0 = Release|Win32
		{38E97199-F4E4-4704-B916-DD286525C84B}.Debug|x64.ActiveCfg = Debug|x64
		{38E97199-F4E4-4704-B916-DD286525C84B}.Debug|x64.Build.0 = Debug|x64
		{38E97199-F4E4-4704-B916-DD286525C84B}.Debug|x86.ActiveCfg = Debug|Win32
		{38E97199-F4E4-4704-B916-DD286525C84B}.Debug|x86.Build.0 = Debug|Win32
		{38E97199-F4E4-4704-B916-DD286525C84B}.Release|x64.ActiveCfg = Release|x64
		{38E97199-F4E4-4704-B916-DD286525C84B}.Release|x64.Build.0 = Release|x64
		{38E97199-F4E4-4704-B916-DD286525C84B}.Release|x86.ActiveCfg = Release|Win32
		{38E97199-F4E4-4704-B916-DD286525C84B}.Release|x86.Build.0 = Release|Win32
		{062BAC3D-0EA5-48E2-98EA-58215896E1EA}.Debug|x64.ActiveCfg = Debug|x64
		{062BAC3D-0EA5-48E2-98EA-58215896E1EA}.Debug|x64.Build.0 = Debug|x64
		{062BAC3D-0EA5-48E2-98EA-58215896E1EA}.Debug|x86.ActiveCfg = Debug|Win32
		{062BAC3D-0EA5-48E2-98EA-58215896E1EA}.Debug|x86.Build.0 = Debug|Win32
		{062BAC3D-0EA5-48E2-98EA-58215896E1EA}.Release|x64.ActiveCfg = Release|x64
		{062BAC3D-0EA5-48E2-98EA-58215896E1EA}.Release|x64.Build.0 = Release|x64
		{062BAC3D-0EA5-48E2-98EA-58215896E1EA}.Release|x86.ActiveCfg = Release|Win32
		{062BAC3D-0EA5-48E2-98EA-58215896E1EA}.Release|x86.Build.0 = Release|Win32
		{4EE1F241-1190-4A8F-BE2A-2054BCAB3709}.Debug|x64.ActiveCfg = Debug|x64
		{4EE1F241-1190-4A8F-BE2A-2054BCAB3709}.Debug|x64.Build.0 = Debug|x64
		{4EE1F241-1190-4A8F-BE2A-2054BCAB3709}.Debug|x86.ActiveCfg = Debug|Win32
		{4EE1F241-1190-4A8F-BE2A-2054BCAB3709}.Debug|x86.Build.0 = Debug|Win32
		{4EE1F241-1190-4A8F-BE2A-2054BCAB3709}.Release|x64.ActiveCfg = Release|x64
		{4EE1F241-1190-4A8F-BE2A-2054BCAB3709}.Release|x64.Build.0 = Release|x64
		{4EE1F241-1190-4A8F-BE2A-2054BCAB3709}.Release|x86.ActiveCfg = Release|Win32
		{4EE1F241-1190-4A8F-BE2A-2054BCAB3709}.Release|x86.Build.0 = Release|Win32
		{B80E49A4-1D06-4643-9EF0-34E4E56781AD}.Debug|x64.ActiveCfg = Debug|x64
		{B80E49A4-1D06-4643-9EF0-34E4E56781AD}.Debug|x64.Build.0 = Debug|x64
		{B80E49A4-1D06-4643-9EF0-34E4E56781AD}.Debug|x86.ActiveCfg = Debug|Win32
		{B80E49A4-1D06-4643-9EF0-34E4E56781AD}.Debug|x86.Build.0 = Debug|Win32
		{B80E49A4-1D06-4643-9EF0-34E4E56781AD}.Release|x64.ActiveCfg = Release|x64
		{B80E49A4-1D06-4643-9EF0-34E4E56781AD}.Release|x64.Build.0 = Release|x64
		{B80E49A4-1D06-4643-9EF0-34E4E56781AD}.Release|x86.ActiveCfg = Release|Win32
		{B80E49A4-1D06-4643-9EF0-34E4E56781AD}.Release|x86.Build.0 = Release|Win32
		{229D651B-F95F-4598-9713-86A61C057AF2}.Debug|x64.ActiveCfg = Debug|x64
		{229D651B-F95F-4598-9713-86A61C057AF2}.Debug|x64.Build.0 = Debug|x64
		{229D651B-F95F-4598-9713-86A61C057AF2}.Debug|x86.ActiveCfg = Debug|x64
		{229D651B-F95F-4598-9713-86A61C057AF2}.Release|x64.ActiveCfg = Release|x64
		{229D651B-F95F-4598-9713-86A61C057AF2}.Release|x64.Build.0 = Release|x64
		{229D651B-F95F-4598-9713-86A61C057AF2}.Release|x86.ActiveCfg = Release|x64
		{7B92393F-8D60-4C3C-9F7D-A6D4D5AF7D1C}.Debug|x64.ActiveCfg = Debug|x64
		{7B92393F-8D60-4C3C-9F7D-A6D4D5AF7D1C}.Debug|x64.Build.0 = Debug|x64
		{7B92393F-8D60-4C3C-9F7D-A6D4D5AF7D1C}.Debug|x86.ActiveCfg = Debug|Win32
		{7B92393F-8D60-4C3C-9F7D-A6D4D5AF7D1C}.Debug|x86.Build.0 = Debug|Win32
		{7B92393F-8D60-4C3C-9F7D-A6D4D5AF7D1C}.Release|x64.ActiveCfg = Release|x64
		{7B92393F-8D60-4C3C-9F7D-A6D4D5AF7D1C}.Release|x64.Build.0 = Release|x64
		{7B92393F-8D60-4C3C-9F7D-A6D4D5AF7D1C}.Release|x86.ActiveCfg = Release|Win32
		{7B92393F-8D60-4C3C-9F7D-A6D4D5AF7D1C}.Release|x86.Build.0 = Release|Win32
	EndGlobalSection
	GlobalSection(SolutionProperties) = preSolution
		HideSolutionNode = FALSE
	EndGlobalSection
	GlobalSection(NestedProjects) = preSolution
		{514DFBCE-09CD-4C33-AFB4-275CA8995432} = {BE2B9025-A12E-4F78-A8B2-1D0D023D0530}
		{38E97199-F4E4-4704-B916-DD286525C84B} = {BE2B9025-A12E-4F78-A8B2-1D0D023D0530}
		{062BAC3D-0EA5-48E2-98EA-58215896E1EA} = {BE2B9025-A12E-4F78-A8B2-1D0D023D0530}
		{4EE1F241-1190-4A8F-BE2A-2054BCAB3709} = {BE2B9025-A12E-4F78-A8B2-1D0D023D0530}
		{B80E49A4-1D06-4643-9EF0-34E4E56781AD} = {BE2B9025-A12E-4F78-A8B2-1D0D023D0530}
		{229D651B-F95F-4598-9713-86A61C057AF2} = {427AADD8-1BBC-40FE-A8FA-E68FA77AC4DC}
	EndGlobalSection
	GlobalSection(ExtensibilityGlobals) = postSolution
		SolutionGuid = {FDA50646-B3A5-4FFA-BB62-2115F71B3F6E}
	EndGlobalSection
EndGlobal
