
Microsoft Visual Studio Solution File, Format Version 12.00
# Visual Studio Version 17
VisualStudioVersion = 17.4.33110.190
MinimumVisualStudioVersion = 10.0.40219.1
Project("{2150E333-8FDC-42A3-9474-1A3956D46DE8}") = "Engine", "Engine", "{BE2B9025-A12E-4F78-A8B2-1D0D023D0530}"
EndProject
Project("{2150E333-8FDC-42A3-9474-1A3956D46DE8}") = "Tests", "Tests", "{427AADD8-1BBC-40FE-A8FA-E68FA77AC4DC}"
EndProject
Project("{8BC9CEB8-8B4A-11D0-8D11-00A0C91BC942}") = "AI", "src\AI\AI.vcxproj", "{514DFBCE-09CD-4C33-AFB4-275CA8995432}"
EndProject
Project("{8BC9CEB8-8B4A-11D0-8D11-00A0C91BC942}") = "Core", "src\Core\Core.vcxproj", "{38E97199-F4E4-4704-B916-DD286525C84B}"
EndProject
Project("{8BC9CEB8-8B4A-11D0-8D11-00A0C91BC942}") = "D3D11Renderer", "src\D3D11Renderer\D3D11Renderer.vcxproj", "{062BAC3D-0EA5-48E2-98EA-58215896E1EA}"
EndProject
Project("{8BC9CEB8-8B4A-11D0-8D11-00A0C91BC942}") = "Math", "src\Math\Math.vcxproj", "{4EE1F241-1190-4A8F-BE2A-2054BCAB3709}"
EndProject
Project("{8BC9CEB8-8B4A-11D0-8D11-00A0C91BC942}") = "Renderer", "src\Renderer\Renderer.vcxproj", "{B80E49A4-1D06-4643-9EF0-34E4E56781AD}"
EndProject
Project("{8BC9CEB8-8B4A-11D0-8D11-00A0C91BC942}") = "UnitTests", "src\UnitTests\UnitTests.vcxproj", "{229D651B-F95F-4598-9713-86A61C057AF2}"
EndProject
Project("{8BC9CEB8-8B4A-11D0-8D11-00A0C91BC942}") = "Launcher", "src\Launcher\Launcher.vcxproj", "{7B92393F-8D60-4C3C-9F7D-A6D4D5AF7D1C}"
EndProject
Project("{8BC9CEB8-8B4A-11D0-8D11-00A0C91BC942}") = "IMGUI", "src\IMGUI\IMGUI.vcxproj", "{45B22060-1716-4C8B-8844-C873202ADCB2}"
EndProject
Project("{8BC9CEB8-8B4A-11D0-8D11-00A0C91BC942}") = "Systems", "src\Systems\Systems.vcxproj", "{0B43DD17-1A4E-4AA0-A4BE-505FFB676CD6}"
EndProject
Project("{8BC9CEB8-8B4A-11D0-8D11-00A0C91BC942}") = "Profiling", "src\Profiling\Profiling.vcxproj", "{737BED4C-8378-4D33-B8DD-93940B0490BF}"
EndProject
Project("{8BC9CEB8-8B4A-11D0-8D11-00A0C91BC942}") = "ECS", "src\ECS\ECS.vcxproj", "{C9FAC85F-4B82-499C-91EB-DCCCE726374F}"
EndProject
Project("{8BC9CEB8-8B4A-11D0-8D11-00A0C91BC942}") = "GameEngine", "src\GameEngine\GameEngine.vcxproj", "{76FC93F7-8FDC-4CB9-82FE-04CD026F4B0D}"
EndProject
Project("{8BC9CEB8-8B4A-11D0-8D11-00A0C91BC942}") = "Physics", "src\Physics\Physics.vcxproj.vcxproj", "{0E24B80C-132B-4FF7-843B-15042FC30D94}"
EndProject
Project("{8BC9CEB8-8B4A-11D0-8D11-00A0C91BC942}") = "Benchmarking", "Benchmarking\Benchmarking.vcxproj", "{6A4B3065-0F81-46AD-AFF4-FA52C30F3999}"
EndProject
Project("{8BC9CEB8-8B4A-11D0-8D11-00A0C91BC942}") = "EditorLauncher", "src\EditorLauncher\EditorLauncher.vcxproj", "{272603D7-ED2D-41B8-AE2C-FB6C9C9E7E60}"
EndProject
Project("{8BC9CEB8-8B4A-11D0-8D11-00A0C91BC942}") = "Editor", "src\Editor\Editor.vcxproj", "{3A4E573C-8E60-4463-AEF0-C4C0E964CD55}"
EndProject
Global
	GlobalSection(SolutionConfigurationPlatforms) = preSolution
		Debug|x64 = Debug|x64
		Debug|x86 = Debug|x86
		Final|x64 = Final|x64
		Final|x86 = Final|x86
		Profiling|x64 = Profiling|x64
		Profiling|x86 = Profiling|x86
		Release|x64 = Release|x64
		Release|x86 = Release|x86
	EndGlobalSection
	GlobalSection(ProjectConfigurationPlatforms) = postSolution
		{514DFBCE-09CD-4C33-AFB4-275CA8995432}.Debug|x64.ActiveCfg = Debug|x64
		{514DFBCE-09CD-4C33-AFB4-275CA8995432}.Debug|x64.Build.0 = Debug|x64
		{514DFBCE-09CD-4C33-AFB4-275CA8995432}.Debug|x86.ActiveCfg = Debug|Win32
		{514DFBCE-09CD-4C33-AFB4-275CA8995432}.Debug|x86.Build.0 = Debug|Win32
		{514DFBCE-09CD-4C33-AFB4-275CA8995432}.Final|x64.ActiveCfg = Final|x64
		{514DFBCE-09CD-4C33-AFB4-275CA8995432}.Final|x64.Build.0 = Final|x64
		{514DFBCE-09CD-4C33-AFB4-275CA8995432}.Final|x86.ActiveCfg = Final|Win32
		{514DFBCE-09CD-4C33-AFB4-275CA8995432}.Final|x86.Build.0 = Final|Win32
		{514DFBCE-09CD-4C33-AFB4-275CA8995432}.Profiling|x64.ActiveCfg = Profiling|x64
		{514DFBCE-09CD-4C33-AFB4-275CA8995432}.Profiling|x64.Build.0 = Profiling|x64
		{514DFBCE-09CD-4C33-AFB4-275CA8995432}.Profiling|x86.ActiveCfg = Profiling|Win32
		{514DFBCE-09CD-4C33-AFB4-275CA8995432}.Profiling|x86.Build.0 = Profiling|Win32
		{514DFBCE-09CD-4C33-AFB4-275CA8995432}.Release|x64.ActiveCfg = Release|x64
		{514DFBCE-09CD-4C33-AFB4-275CA8995432}.Release|x64.Build.0 = Release|x64
		{514DFBCE-09CD-4C33-AFB4-275CA8995432}.Release|x86.ActiveCfg = Release|Win32
		{514DFBCE-09CD-4C33-AFB4-275CA8995432}.Release|x86.Build.0 = Release|Win32
		{38E97199-F4E4-4704-B916-DD286525C84B}.Debug|x64.ActiveCfg = Debug|x64
		{38E97199-F4E4-4704-B916-DD286525C84B}.Debug|x64.Build.0 = Debug|x64
		{38E97199-F4E4-4704-B916-DD286525C84B}.Debug|x86.ActiveCfg = Debug|Win32
		{38E97199-F4E4-4704-B916-DD286525C84B}.Debug|x86.Build.0 = Debug|Win32
		{38E97199-F4E4-4704-B916-DD286525C84B}.Final|x64.ActiveCfg = Final|x64
		{38E97199-F4E4-4704-B916-DD286525C84B}.Final|x64.Build.0 = Final|x64
		{38E97199-F4E4-4704-B916-DD286525C84B}.Final|x86.ActiveCfg = Final|Win32
		{38E97199-F4E4-4704-B916-DD286525C84B}.Final|x86.Build.0 = Final|Win32
		{38E97199-F4E4-4704-B916-DD286525C84B}.Profiling|x64.ActiveCfg = Profiling|x64
		{38E97199-F4E4-4704-B916-DD286525C84B}.Profiling|x64.Build.0 = Profiling|x64
		{38E97199-F4E4-4704-B916-DD286525C84B}.Profiling|x86.ActiveCfg = Profiling|Win32
		{38E97199-F4E4-4704-B916-DD286525C84B}.Profiling|x86.Build.0 = Profiling|Win32
		{38E97199-F4E4-4704-B916-DD286525C84B}.Release|x64.ActiveCfg = Release|x64
		{38E97199-F4E4-4704-B916-DD286525C84B}.Release|x64.Build.0 = Release|x64
		{38E97199-F4E4-4704-B916-DD286525C84B}.Release|x86.ActiveCfg = Release|Win32
		{38E97199-F4E4-4704-B916-DD286525C84B}.Release|x86.Build.0 = Release|Win32
		{062BAC3D-0EA5-48E2-98EA-58215896E1EA}.Debug|x64.ActiveCfg = Debug|x64
		{062BAC3D-0EA5-48E2-98EA-58215896E1EA}.Debug|x64.Build.0 = Debug|x64
		{062BAC3D-0EA5-48E2-98EA-58215896E1EA}.Debug|x86.ActiveCfg = Debug|Win32
		{062BAC3D-0EA5-48E2-98EA-58215896E1EA}.Debug|x86.Build.0 = Debug|Win32
		{062BAC3D-0EA5-48E2-98EA-58215896E1EA}.Final|x64.ActiveCfg = Final|x64
		{062BAC3D-0EA5-48E2-98EA-58215896E1EA}.Final|x64.Build.0 = Final|x64
		{062BAC3D-0EA5-48E2-98EA-58215896E1EA}.Final|x86.ActiveCfg = Final|Win32
		{062BAC3D-0EA5-48E2-98EA-58215896E1EA}.Final|x86.Build.0 = Final|Win32
		{062BAC3D-0EA5-48E2-98EA-58215896E1EA}.Profiling|x64.ActiveCfg = Profiling|x64
		{062BAC3D-0EA5-48E2-98EA-58215896E1EA}.Profiling|x64.Build.0 = Profiling|x64
		{062BAC3D-0EA5-48E2-98EA-58215896E1EA}.Profiling|x86.ActiveCfg = Profiling|Win32
		{062BAC3D-0EA5-48E2-98EA-58215896E1EA}.Profiling|x86.Build.0 = Profiling|Win32
		{062BAC3D-0EA5-48E2-98EA-58215896E1EA}.Release|x64.ActiveCfg = Release|x64
		{062BAC3D-0EA5-48E2-98EA-58215896E1EA}.Release|x64.Build.0 = Release|x64
		{062BAC3D-0EA5-48E2-98EA-58215896E1EA}.Release|x86.ActiveCfg = Release|Win32
		{062BAC3D-0EA5-48E2-98EA-58215896E1EA}.Release|x86.Build.0 = Release|Win32
		{4EE1F241-1190-4A8F-BE2A-2054BCAB3709}.Debug|x64.ActiveCfg = Debug|x64
		{4EE1F241-1190-4A8F-BE2A-2054BCAB3709}.Debug|x64.Build.0 = Debug|x64
		{4EE1F241-1190-4A8F-BE2A-2054BCAB3709}.Debug|x86.ActiveCfg = Debug|Win32
		{4EE1F241-1190-4A8F-BE2A-2054BCAB3709}.Debug|x86.Build.0 = Debug|Win32
		{4EE1F241-1190-4A8F-BE2A-2054BCAB3709}.Final|x64.ActiveCfg = Final|x64
		{4EE1F241-1190-4A8F-BE2A-2054BCAB3709}.Final|x64.Build.0 = Final|x64
		{4EE1F241-1190-4A8F-BE2A-2054BCAB3709}.Final|x86.ActiveCfg = Final|Win32
		{4EE1F241-1190-4A8F-BE2A-2054BCAB3709}.Final|x86.Build.0 = Final|Win32
		{4EE1F241-1190-4A8F-BE2A-2054BCAB3709}.Profiling|x64.ActiveCfg = Profiling|x64
		{4EE1F241-1190-4A8F-BE2A-2054BCAB3709}.Profiling|x64.Build.0 = Profiling|x64
		{4EE1F241-1190-4A8F-BE2A-2054BCAB3709}.Profiling|x86.ActiveCfg = Profiling|Win32
		{4EE1F241-1190-4A8F-BE2A-2054BCAB3709}.Profiling|x86.Build.0 = Profiling|Win32
		{4EE1F241-1190-4A8F-BE2A-2054BCAB3709}.Release|x64.ActiveCfg = Release|x64
		{4EE1F241-1190-4A8F-BE2A-2054BCAB3709}.Release|x64.Build.0 = Release|x64
		{4EE1F241-1190-4A8F-BE2A-2054BCAB3709}.Release|x86.ActiveCfg = Release|Win32
		{4EE1F241-1190-4A8F-BE2A-2054BCAB3709}.Release|x86.Build.0 = Release|Win32
		{B80E49A4-1D06-4643-9EF0-34E4E56781AD}.Debug|x64.ActiveCfg = Debug|x64
		{B80E49A4-1D06-4643-9EF0-34E4E56781AD}.Debug|x64.Build.0 = Debug|x64
		{B80E49A4-1D06-4643-9EF0-34E4E56781AD}.Debug|x86.ActiveCfg = Debug|Win32
		{B80E49A4-1D06-4643-9EF0-34E4E56781AD}.Debug|x86.Build.0 = Debug|Win32
		{B80E49A4-1D06-4643-9EF0-34E4E56781AD}.Final|x64.ActiveCfg = Final|x64
		{B80E49A4-1D06-4643-9EF0-34E4E56781AD}.Final|x64.Build.0 = Final|x64
		{B80E49A4-1D06-4643-9EF0-34E4E56781AD}.Final|x86.ActiveCfg = Final|Win32
		{B80E49A4-1D06-4643-9EF0-34E4E56781AD}.Final|x86.Build.0 = Final|Win32
		{B80E49A4-1D06-4643-9EF0-34E4E56781AD}.Profiling|x64.ActiveCfg = Profiling|x64
		{B80E49A4-1D06-4643-9EF0-34E4E56781AD}.Profiling|x64.Build.0 = Profiling|x64
		{B80E49A4-1D06-4643-9EF0-34E4E56781AD}.Profiling|x86.ActiveCfg = Profiling|Win32
		{B80E49A4-1D06-4643-9EF0-34E4E56781AD}.Profiling|x86.Build.0 = Profiling|Win32
		{B80E49A4-1D06-4643-9EF0-34E4E56781AD}.Release|x64.ActiveCfg = Release|x64
		{B80E49A4-1D06-4643-9EF0-34E4E56781AD}.Release|x64.Build.0 = Release|x64
		{B80E49A4-1D06-4643-9EF0-34E4E56781AD}.Release|x86.ActiveCfg = Release|Win32
		{B80E49A4-1D06-4643-9EF0-34E4E56781AD}.Release|x86.Build.0 = Release|Win32
		{229D651B-F95F-4598-9713-86A61C057AF2}.Debug|x64.ActiveCfg = Debug|x64
		{229D651B-F95F-4598-9713-86A61C057AF2}.Debug|x64.Build.0 = Debug|x64
		{229D651B-F95F-4598-9713-86A61C057AF2}.Debug|x86.ActiveCfg = Debug|x64
		{229D651B-F95F-4598-9713-86A61C057AF2}.Final|x64.ActiveCfg = Release|x64
		{229D651B-F95F-4598-9713-86A61C057AF2}.Final|x64.Build.0 = Release|x64
		{229D651B-F95F-4598-9713-86A61C057AF2}.Final|x86.ActiveCfg = Release|x64
		{229D651B-F95F-4598-9713-86A61C057AF2}.Final|x86.Build.0 = Release|x64
		{229D651B-F95F-4598-9713-86A61C057AF2}.Profiling|x64.ActiveCfg = Release|x64
		{229D651B-F95F-4598-9713-86A61C057AF2}.Profiling|x64.Build.0 = Release|x64
		{229D651B-F95F-4598-9713-86A61C057AF2}.Profiling|x86.ActiveCfg = Release|x64
		{229D651B-F95F-4598-9713-86A61C057AF2}.Profiling|x86.Build.0 = Release|x64
		{229D651B-F95F-4598-9713-86A61C057AF2}.Release|x64.ActiveCfg = Release|x64
		{229D651B-F95F-4598-9713-86A61C057AF2}.Release|x64.Build.0 = Release|x64
		{229D651B-F95F-4598-9713-86A61C057AF2}.Release|x86.ActiveCfg = Release|x64
		{7B92393F-8D60-4C3C-9F7D-A6D4D5AF7D1C}.Debug|x64.ActiveCfg = Debug|x64
		{7B92393F-8D60-4C3C-9F7D-A6D4D5AF7D1C}.Debug|x64.Build.0 = Debug|x64
		{7B92393F-8D60-4C3C-9F7D-A6D4D5AF7D1C}.Debug|x86.ActiveCfg = Debug|Win32
		{7B92393F-8D60-4C3C-9F7D-A6D4D5AF7D1C}.Debug|x86.Build.0 = Debug|Win32
		{7B92393F-8D60-4C3C-9F7D-A6D4D5AF7D1C}.Final|x64.ActiveCfg = Final|x64
		{7B92393F-8D60-4C3C-9F7D-A6D4D5AF7D1C}.Final|x64.Build.0 = Final|x64
		{7B92393F-8D60-4C3C-9F7D-A6D4D5AF7D1C}.Final|x86.ActiveCfg = Final|Win32
		{7B92393F-8D60-4C3C-9F7D-A6D4D5AF7D1C}.Final|x86.Build.0 = Final|Win32
		{7B92393F-8D60-4C3C-9F7D-A6D4D5AF7D1C}.Profiling|x64.ActiveCfg = Profiling|x64
		{7B92393F-8D60-4C3C-9F7D-A6D4D5AF7D1C}.Profiling|x64.Build.0 = Profiling|x64
		{7B92393F-8D60-4C3C-9F7D-A6D4D5AF7D1C}.Profiling|x86.ActiveCfg = Profiling|Win32
		{7B92393F-8D60-4C3C-9F7D-A6D4D5AF7D1C}.Profiling|x86.Build.0 = Profiling|Win32
		{7B92393F-8D60-4C3C-9F7D-A6D4D5AF7D1C}.Release|x64.ActiveCfg = Release|x64
		{7B92393F-8D60-4C3C-9F7D-A6D4D5AF7D1C}.Release|x64.Build.0 = Release|x64
		{7B92393F-8D60-4C3C-9F7D-A6D4D5AF7D1C}.Release|x86.ActiveCfg = Release|Win32
		{7B92393F-8D60-4C3C-9F7D-A6D4D5AF7D1C}.Release|x86.Build.0 = Release|Win32
		{45B22060-1716-4C8B-8844-C873202ADCB2}.Debug|x64.ActiveCfg = Debug|x64
		{45B22060-1716-4C8B-8844-C873202ADCB2}.Debug|x64.Build.0 = Debug|x64
		{45B22060-1716-4C8B-8844-C873202ADCB2}.Debug|x86.ActiveCfg = Debug|Win32
		{45B22060-1716-4C8B-8844-C873202ADCB2}.Debug|x86.Build.0 = Debug|Win32
		{45B22060-1716-4C8B-8844-C873202ADCB2}.Final|x64.ActiveCfg = Final|x64
		{45B22060-1716-4C8B-8844-C873202ADCB2}.Final|x64.Build.0 = Final|x64
		{45B22060-1716-4C8B-8844-C873202ADCB2}.Final|x86.ActiveCfg = Final|Win32
		{45B22060-1716-4C8B-8844-C873202ADCB2}.Final|x86.Build.0 = Final|Win32
		{45B22060-1716-4C8B-8844-C873202ADCB2}.Profiling|x64.ActiveCfg = Profiling|x64
		{45B22060-1716-4C8B-8844-C873202ADCB2}.Profiling|x64.Build.0 = Profiling|x64
		{45B22060-1716-4C8B-8844-C873202ADCB2}.Profiling|x86.ActiveCfg = Profiling|Win32
		{45B22060-1716-4C8B-8844-C873202ADCB2}.Profiling|x86.Build.0 = Profiling|Win32
		{45B22060-1716-4C8B-8844-C873202ADCB2}.Release|x64.ActiveCfg = Release|x64
		{45B22060-1716-4C8B-8844-C873202ADCB2}.Release|x64.Build.0 = Release|x64
		{45B22060-1716-4C8B-8844-C873202ADCB2}.Release|x86.ActiveCfg = Release|Win32
		{45B22060-1716-4C8B-8844-C873202ADCB2}.Release|x86.Build.0 = Release|Win32
		{0B43DD17-1A4E-4AA0-A4BE-505FFB676CD6}.Debug|x64.ActiveCfg = Debug|x64
		{0B43DD17-1A4E-4AA0-A4BE-505FFB676CD6}.Debug|x64.Build.0 = Debug|x64
		{0B43DD17-1A4E-4AA0-A4BE-505FFB676CD6}.Debug|x86.ActiveCfg = Debug|Win32
		{0B43DD17-1A4E-4AA0-A4BE-505FFB676CD6}.Debug|x86.Build.0 = Debug|Win32
		{0B43DD17-1A4E-4AA0-A4BE-505FFB676CD6}.Final|x64.ActiveCfg = Final|x64
		{0B43DD17-1A4E-4AA0-A4BE-505FFB676CD6}.Final|x64.Build.0 = Final|x64
		{0B43DD17-1A4E-4AA0-A4BE-505FFB676CD6}.Final|x86.ActiveCfg = Final|Win32
		{0B43DD17-1A4E-4AA0-A4BE-505FFB676CD6}.Final|x86.Build.0 = Final|Win32
		{0B43DD17-1A4E-4AA0-A4BE-505FFB676CD6}.Profiling|x64.ActiveCfg = Profiling|x64
		{0B43DD17-1A4E-4AA0-A4BE-505FFB676CD6}.Profiling|x64.Build.0 = Profiling|x64
		{0B43DD17-1A4E-4AA0-A4BE-505FFB676CD6}.Profiling|x86.ActiveCfg = Profiling|Win32
		{0B43DD17-1A4E-4AA0-A4BE-505FFB676CD6}.Profiling|x86.Build.0 = Profiling|Win32
		{0B43DD17-1A4E-4AA0-A4BE-505FFB676CD6}.Release|x64.ActiveCfg = Release|x64
		{0B43DD17-1A4E-4AA0-A4BE-505FFB676CD6}.Release|x64.Build.0 = Release|x64
		{0B43DD17-1A4E-4AA0-A4BE-505FFB676CD6}.Release|x86.ActiveCfg = Release|Win32
		{0B43DD17-1A4E-4AA0-A4BE-505FFB676CD6}.Release|x86.Build.0 = Release|Win32
		{737BED4C-8378-4D33-B8DD-93940B0490BF}.Debug|x64.ActiveCfg = Debug|x64
		{737BED4C-8378-4D33-B8DD-93940B0490BF}.Debug|x64.Build.0 = Debug|x64
		{737BED4C-8378-4D33-B8DD-93940B0490BF}.Debug|x86.ActiveCfg = Debug|Win32
		{737BED4C-8378-4D33-B8DD-93940B0490BF}.Debug|x86.Build.0 = Debug|Win32
		{737BED4C-8378-4D33-B8DD-93940B0490BF}.Final|x64.ActiveCfg = Final|x64
		{737BED4C-8378-4D33-B8DD-93940B0490BF}.Final|x64.Build.0 = Final|x64
		{737BED4C-8378-4D33-B8DD-93940B0490BF}.Final|x86.ActiveCfg = Final|Win32
		{737BED4C-8378-4D33-B8DD-93940B0490BF}.Final|x86.Build.0 = Final|Win32
		{737BED4C-8378-4D33-B8DD-93940B0490BF}.Profiling|x64.ActiveCfg = Profiling|x64
		{737BED4C-8378-4D33-B8DD-93940B0490BF}.Profiling|x64.Build.0 = Profiling|x64
		{737BED4C-8378-4D33-B8DD-93940B0490BF}.Profiling|x86.ActiveCfg = Profiling|Win32
		{737BED4C-8378-4D33-B8DD-93940B0490BF}.Profiling|x86.Build.0 = Profiling|Win32
		{737BED4C-8378-4D33-B8DD-93940B0490BF}.Release|x64.ActiveCfg = Release|x64
		{737BED4C-8378-4D33-B8DD-93940B0490BF}.Release|x64.Build.0 = Release|x64
		{737BED4C-8378-4D33-B8DD-93940B0490BF}.Release|x86.ActiveCfg = Release|Win32
		{737BED4C-8378-4D33-B8DD-93940B0490BF}.Release|x86.Build.0 = Release|Win32
		{C9FAC85F-4B82-499C-91EB-DCCCE726374F}.Debug|x64.ActiveCfg = Debug|x64
		{C9FAC85F-4B82-499C-91EB-DCCCE726374F}.Debug|x64.Build.0 = Debug|x64
		{C9FAC85F-4B82-499C-91EB-DCCCE726374F}.Debug|x86.ActiveCfg = Debug|Win32
		{C9FAC85F-4B82-499C-91EB-DCCCE726374F}.Debug|x86.Build.0 = Debug|Win32
		{C9FAC85F-4B82-499C-91EB-DCCCE726374F}.Final|x64.ActiveCfg = Final|x64
		{C9FAC85F-4B82-499C-91EB-DCCCE726374F}.Final|x64.Build.0 = Final|x64
		{C9FAC85F-4B82-499C-91EB-DCCCE726374F}.Final|x86.ActiveCfg = Final|Win32
		{C9FAC85F-4B82-499C-91EB-DCCCE726374F}.Final|x86.Build.0 = Final|Win32
		{C9FAC85F-4B82-499C-91EB-DCCCE726374F}.Profiling|x64.ActiveCfg = Profiling|x64
		{C9FAC85F-4B82-499C-91EB-DCCCE726374F}.Profiling|x64.Build.0 = Profiling|x64
		{C9FAC85F-4B82-499C-91EB-DCCCE726374F}.Profiling|x86.ActiveCfg = Profiling|Win32
		{C9FAC85F-4B82-499C-91EB-DCCCE726374F}.Profiling|x86.Build.0 = Profiling|Win32
		{C9FAC85F-4B82-499C-91EB-DCCCE726374F}.Release|x64.ActiveCfg = Release|x64
		{C9FAC85F-4B82-499C-91EB-DCCCE726374F}.Release|x64.Build.0 = Release|x64
		{C9FAC85F-4B82-499C-91EB-DCCCE726374F}.Release|x86.ActiveCfg = Release|Win32
		{C9FAC85F-4B82-499C-91EB-DCCCE726374F}.Release|x86.Build.0 = Release|Win32
		{76FC93F7-8FDC-4CB9-82FE-04CD026F4B0D}.Debug|x64.ActiveCfg = Debug|x64
		{76FC93F7-8FDC-4CB9-82FE-04CD026F4B0D}.Debug|x64.Build.0 = Debug|x64
		{76FC93F7-8FDC-4CB9-82FE-04CD026F4B0D}.Debug|x86.ActiveCfg = Debug|Win32
		{76FC93F7-8FDC-4CB9-82FE-04CD026F4B0D}.Debug|x86.Build.0 = Debug|Win32
		{76FC93F7-8FDC-4CB9-82FE-04CD026F4B0D}.Final|x64.ActiveCfg = Final|x64
		{76FC93F7-8FDC-4CB9-82FE-04CD026F4B0D}.Final|x64.Build.0 = Final|x64
		{76FC93F7-8FDC-4CB9-82FE-04CD026F4B0D}.Final|x86.ActiveCfg = Final|Win32
		{76FC93F7-8FDC-4CB9-82FE-04CD026F4B0D}.Final|x86.Build.0 = Final|Win32
		{76FC93F7-8FDC-4CB9-82FE-04CD026F4B0D}.Profiling|x64.ActiveCfg = Profiling|x64
		{76FC93F7-8FDC-4CB9-82FE-04CD026F4B0D}.Profiling|x64.Build.0 = Profiling|x64
		{76FC93F7-8FDC-4CB9-82FE-04CD026F4B0D}.Profiling|x86.ActiveCfg = Profiling|Win32
		{76FC93F7-8FDC-4CB9-82FE-04CD026F4B0D}.Profiling|x86.Build.0 = Profiling|Win32
		{76FC93F7-8FDC-4CB9-82FE-04CD026F4B0D}.Release|x64.ActiveCfg = Release|x64
		{76FC93F7-8FDC-4CB9-82FE-04CD026F4B0D}.Release|x64.Build.0 = Release|x64
		{76FC93F7-8FDC-4CB9-82FE-04CD026F4B0D}.Release|x86.ActiveCfg = Release|Win32
		{76FC93F7-8FDC-4CB9-82FE-04CD026F4B0D}.Release|x86.Build.0 = Release|Win32
		{0E24B80C-132B-4FF7-843B-15042FC30D94}.Debug|x64.ActiveCfg = Debug|x64
		{0E24B80C-132B-4FF7-843B-15042FC30D94}.Debug|x64.Build.0 = Debug|x64
		{0E24B80C-132B-4FF7-843B-15042FC30D94}.Debug|x86.ActiveCfg = Debug|Win32
		{0E24B80C-132B-4FF7-843B-15042FC30D94}.Debug|x86.Build.0 = Debug|Win32
		{0E24B80C-132B-4FF7-843B-15042FC30D94}.Final|x64.ActiveCfg = Final|x64
		{0E24B80C-132B-4FF7-843B-15042FC30D94}.Final|x64.Build.0 = Final|x64
		{0E24B80C-132B-4FF7-843B-15042FC30D94}.Final|x86.ActiveCfg = Final|Win32
		{0E24B80C-132B-4FF7-843B-15042FC30D94}.Final|x86.Build.0 = Final|Win32
		{0E24B80C-132B-4FF7-843B-15042FC30D94}.Profiling|x64.ActiveCfg = Profiling|x64
		{0E24B80C-132B-4FF7-843B-15042FC30D94}.Profiling|x64.Build.0 = Profiling|x64
		{0E24B80C-132B-4FF7-843B-15042FC30D94}.Profiling|x86.ActiveCfg = Profiling|Win32
		{0E24B80C-132B-4FF7-843B-15042FC30D94}.Profiling|x86.Build.0 = Profiling|Win32
		{0E24B80C-132B-4FF7-843B-15042FC30D94}.Release|x64.ActiveCfg = Release|x64
		{0E24B80C-132B-4FF7-843B-15042FC30D94}.Release|x64.Build.0 = Release|x64
		{0E24B80C-132B-4FF7-843B-15042FC30D94}.Release|x86.ActiveCfg = Release|Win32
		{0E24B80C-132B-4FF7-843B-15042FC30D94}.Release|x86.Build.0 = Release|Win32
		{6A4B3065-0F81-46AD-AFF4-FA52C30F3999}.Debug|x64.ActiveCfg = Debug|x64
		{6A4B3065-0F81-46AD-AFF4-FA52C30F3999}.Debug|x64.Build.0 = Debug|x64
		{6A4B3065-0F81-46AD-AFF4-FA52C30F3999}.Debug|x86.ActiveCfg = Debug|Win32
		{6A4B3065-0F81-46AD-AFF4-FA52C30F3999}.Debug|x86.Build.0 = Debug|Win32
		{6A4B3065-0F81-46AD-AFF4-FA52C30F3999}.Final|x64.ActiveCfg = Debug|x64
		{6A4B3065-0F81-46AD-AFF4-FA52C30F3999}.Final|x64.Build.0 = Debug|x64
		{6A4B3065-0F81-46AD-AFF4-FA52C30F3999}.Final|x86.ActiveCfg = Debug|Win32
		{6A4B3065-0F81-46AD-AFF4-FA52C30F3999}.Final|x86.Build.0 = Debug|Win32
		{6A4B3065-0F81-46AD-AFF4-FA52C30F3999}.Profiling|x64.ActiveCfg = Debug|x64
		{6A4B3065-0F81-46AD-AFF4-FA52C30F3999}.Profiling|x64.Build.0 = Debug|x64
		{6A4B3065-0F81-46AD-AFF4-FA52C30F3999}.Profiling|x86.ActiveCfg = Debug|Win32
		{6A4B3065-0F81-46AD-AFF4-FA52C30F3999}.Profiling|x86.Build.0 = Debug|Win32
		{6A4B3065-0F81-46AD-AFF4-FA52C30F3999}.Release|x64.ActiveCfg = Release|x64
		{6A4B3065-0F81-46AD-AFF4-FA52C30F3999}.Release|x64.Build.0 = Release|x64
		{6A4B3065-0F81-46AD-AFF4-FA52C30F3999}.Release|x86.ActiveCfg = Release|Win32
		{6A4B3065-0F81-46AD-AFF4-FA52C30F3999}.Release|x86.Build.0 = Release|Win32
		{272603D7-ED2D-41B8-AE2C-FB6C9C9E7E60}.Debug|x64.ActiveCfg = Debug|x64
		{272603D7-ED2D-41B8-AE2C-FB6C9C9E7E60}.Debug|x64.Build.0 = Debug|x64
		{272603D7-ED2D-41B8-AE2C-FB6C9C9E7E60}.Debug|x86.ActiveCfg = Debug|Win32
		{272603D7-ED2D-41B8-AE2C-FB6C9C9E7E60}.Debug|x86.Build.0 = Debug|Win32
		{272603D7-ED2D-41B8-AE2C-FB6C9C9E7E60}.Final|x64.ActiveCfg = Final|x64
		{272603D7-ED2D-41B8-AE2C-FB6C9C9E7E60}.Final|x64.Build.0 = Final|x64
		{272603D7-ED2D-41B8-AE2C-FB6C9C9E7E60}.Final|x86.ActiveCfg = Final|Win32
		{272603D7-ED2D-41B8-AE2C-FB6C9C9E7E60}.Final|x86.Build.0 = Final|Win32
		{272603D7-ED2D-41B8-AE2C-FB6C9C9E7E60}.Profiling|x64.ActiveCfg = Profiling|x64
		{272603D7-ED2D-41B8-AE2C-FB6C9C9E7E60}.Profiling|x64.Build.0 = Profiling|x64
		{272603D7-ED2D-41B8-AE2C-FB6C9C9E7E60}.Profiling|x86.ActiveCfg = Profiling|Win32
		{272603D7-ED2D-41B8-AE2C-FB6C9C9E7E60}.Profiling|x86.Build.0 = Profiling|Win32
		{272603D7-ED2D-41B8-AE2C-FB6C9C9E7E60}.Release|x64.ActiveCfg = Release|x64
		{272603D7-ED2D-41B8-AE2C-FB6C9C9E7E60}.Release|x64.Build.0 = Release|x64
		{272603D7-ED2D-41B8-AE2C-FB6C9C9E7E60}.Release|x86.ActiveCfg = Release|Win32
		{272603D7-ED2D-41B8-AE2C-FB6C9C9E7E60}.Release|x86.Build.0 = Release|Win32
		{3A4E573C-8E60-4463-AEF0-C4C0E964CD55}.Debug|x64.ActiveCfg = Debug|x64
		{3A4E573C-8E60-4463-AEF0-C4C0E964CD55}.Debug|x64.Build.0 = Debug|x64
		{3A4E573C-8E60-4463-AEF0-C4C0E964CD55}.Debug|x86.ActiveCfg = Debug|Win32
		{3A4E573C-8E60-4463-AEF0-C4C0E964CD55}.Debug|x86.Build.0 = Debug|Win32
		{3A4E573C-8E60-4463-AEF0-C4C0E964CD55}.Final|x64.ActiveCfg = Final|x64
		{3A4E573C-8E60-4463-AEF0-C4C0E964CD55}.Final|x64.Build.0 = Final|x64
		{3A4E573C-8E60-4463-AEF0-C4C0E964CD55}.Final|x86.ActiveCfg = Final|Win32
		{3A4E573C-8E60-4463-AEF0-C4C0E964CD55}.Final|x86.Build.0 = Final|Win32
		{3A4E573C-8E60-4463-AEF0-C4C0E964CD55}.Profiling|x64.ActiveCfg = Profiling|x64
		{3A4E573C-8E60-4463-AEF0-C4C0E964CD55}.Profiling|x64.Build.0 = Profiling|x64
		{3A4E573C-8E60-4463-AEF0-C4C0E964CD55}.Profiling|x86.ActiveCfg = Profiling|Win32
		{3A4E573C-8E60-4463-AEF0-C4C0E964CD55}.Profiling|x86.Build.0 = Profiling|Win32
		{3A4E573C-8E60-4463-AEF0-C4C0E964CD55}.Release|x64.ActiveCfg = Release|x64
		{3A4E573C-8E60-4463-AEF0-C4C0E964CD55}.Release|x64.Build.0 = Release|x64
		{3A4E573C-8E60-4463-AEF0-C4C0E964CD55}.Release|x86.ActiveCfg = Release|Win32
		{3A4E573C-8E60-4463-AEF0-C4C0E964CD55}.Release|x86.Build.0 = Release|Win32
	EndGlobalSection
	GlobalSection(SolutionProperties) = preSolution
		HideSolutionNode = FALSE
	EndGlobalSection
	GlobalSection(NestedProjects) = preSolution
		{514DFBCE-09CD-4C33-AFB4-275CA8995432} = {BE2B9025-A12E-4F78-A8B2-1D0D023D0530}
		{38E97199-F4E4-4704-B916-DD286525C84B} = {BE2B9025-A12E-4F78-A8B2-1D0D023D0530}
		{062BAC3D-0EA5-48E2-98EA-58215896E1EA} = {BE2B9025-A12E-4F78-A8B2-1D0D023D0530}
		{4EE1F241-1190-4A8F-BE2A-2054BCAB3709} = {BE2B9025-A12E-4F78-A8B2-1D0D023D0530}
		{B80E49A4-1D06-4643-9EF0-34E4E56781AD} = {BE2B9025-A12E-4F78-A8B2-1D0D023D0530}
		{229D651B-F95F-4598-9713-86A61C057AF2} = {427AADD8-1BBC-40FE-A8FA-E68FA77AC4DC}
		{45B22060-1716-4C8B-8844-C873202ADCB2} = {BE2B9025-A12E-4F78-A8B2-1D0D023D0530}
		{0B43DD17-1A4E-4AA0-A4BE-505FFB676CD6} = {BE2B9025-A12E-4F78-A8B2-1D0D023D0530}
		{737BED4C-8378-4D33-B8DD-93940B0490BF} = {BE2B9025-A12E-4F78-A8B2-1D0D023D0530}
		{C9FAC85F-4B82-499C-91EB-DCCCE726374F} = {BE2B9025-A12E-4F78-A8B2-1D0D023D0530}
		{76FC93F7-8FDC-4CB9-82FE-04CD026F4B0D} = {BE2B9025-A12E-4F78-A8B2-1D0D023D0530}
		{0E24B80C-132B-4FF7-843B-15042FC30D94} = {BE2B9025-A12E-4F78-A8B2-1D0D023D0530}
		{3A4E573C-8E60-4463-AEF0-C4C0E964CD55} = {BE2B9025-A12E-4F78-A8B2-1D0D023D0530}
	EndGlobalSection
	GlobalSection(ExtensibilityGlobals) = postSolution
		SolutionGuid = {FDA50646-B3A5-4FFA-BB62-2115F71B3F6E}
	EndGlobalSection
EndGlobal
