<?xml version="1.0" encoding="utf-8"?>
<Project ToolsVersion="4.0" xmlns="http://schemas.microsoft.com/developer/msbuild/2003">
  <ItemGroup>
    <Filter Include="Source Files">
      <UniqueIdentifier>{4FC737F1-C7A5-4376-A066-2A32D752A2FF}</UniqueIdentifier>
      <Extensions>cpp;c;cc;cxx;def;odl;idl;hpj;bat;asm;asmx</Extensions>
    </Filter>
    <Filter Include="Header Files">
      <UniqueIdentifier>{93995380-89BD-4b04-88EB-625FBE52EBFB}</UniqueIdentifier>
      <Extensions>h;hh;hpp;hxx;hm;inl;inc;ipp;xsd</Extensions>
    </Filter>
    <Filter Include="Header Files\External">
      <UniqueIdentifier>{e0668231-8838-41ca-bb73-d80916addf6b}</UniqueIdentifier>
    </Filter>
  </ItemGroup>
  <ItemGroup>
    <ClCompile Include="IRenderer.cpp">
      <Filter>Source Files</Filter>
    </ClCompile>
    <ClCompile Include="IRenderContext.cpp">
      <Filter>Source Files</Filter>
    </ClCompile>
    <ClCompile Include="IVertexShader.cpp">
      <Filter>Source Files</Filter>
    </ClCompile>
    <ClCompile Include="IPixelShader.cpp">
      <Filter>Source Files</Filter>
    </ClCompile>
    <ClCompile Include="ISwapchain.cpp">
      <Filter>Source Files</Filter>
    </ClCompile>
    <ClCompile Include="Fpch.cpp">
      <Filter>Source Files</Filter>
    </ClCompile>
    <ClCompile Include="IInputLayout.cpp">
      <Filter>Source Files</Filter>
    </ClCompile>
    <ClCompile Include="IVertexBuffer.cpp">
      <Filter>Source Files</Filter>
    </ClCompile>
    <ClCompile Include="IIndexBuffer.cpp">
      <Filter>Source Files</Filter>
    </ClCompile>
    <ClCompile Include="IRenderTargetView.cpp">
      <Filter>Source Files</Filter>
    </ClCompile>
    <ClCompile Include="ICamera.cpp">
      <Filter>Source Files</Filter>
    </ClCompile>
    <ClCompile Include="PerspectiveCamera.cpp">
      <Filter>Source Files</Filter>
    </ClCompile>
    <ClCompile Include="ConstantBuffer.cpp">
      <Filter>Source Files</Filter>
    </ClCompile>
    <ClCompile Include="IDepthStencilBuffer.cpp">
      <Filter>Source Files</Filter>
    </ClCompile>
    <ClCompile Include="Material.cpp">
      <Filter>Source Files</Filter>
    </ClCompile>
    <ClCompile Include="Renderable.cpp">
      <Filter>Source Files</Filter>
    </ClCompile>
    <ClCompile Include="IShadersManager.cpp">
      <Filter>Source Files</Filter>
    </ClCompile>
    <ClCompile Include="IModelsLoader.cpp">
      <Filter>Source Files</Filter>
    </ClCompile>
    <ClCompile Include="TinyObjModelsLoader.cpp">
      <Filter>Source Files</Filter>
    </ClCompile>
    <ClCompile Include="Model.cpp">
      <Filter>Source Files</Filter>
    </ClCompile>
    <ClCompile Include="ResourcesManager.cpp">
      <Filter>Source Files</Filter>
    </ClCompile>
    <ClCompile Include="ITexturesLoader.cpp">
      <Filter>Source Files</Filter>
    </ClCompile>
    <ClCompile Include="ITexture.cpp">
      <Filter>Source Files</Filter>
    </ClCompile>
    <ClCompile Include="ISamplerState.cpp">
      <Filter>Source Files</Filter>
    </ClCompile>
    <ClCompile Include="IRenderingPass.cpp">
      <Filter>Source Files</Filter>
    </ClCompile>
    <ClCompile Include="ForwardRenderingPass.cpp">
      <Filter>Source Files</Filter>
    </ClCompile>
    <ClCompile Include="IShaderResourceView.cpp">
      <Filter>Source Files</Filter>
    </ClCompile>
    <ClCompile Include="FullScreenRenderingPass.cpp">
      <Filter>Source Files</Filter>
    </ClCompile>
    <ClCompile Include="LightData.cpp">
      <Filter>Source Files</Filter>
    </ClCompile>
    <ClCompile Include="IBlendState.cpp">
      <Filter>Source Files</Filter>
    </ClCompile>
    <ClCompile Include="IShader.cpp">
      <Filter>Source Files</Filter>
    </ClCompile>
    <ClCompile Include="ShaderPack.cpp">
      <Filter>Source Files</Filter>
    </ClCompile>
    <ClCompile Include="IDepthStencilState.cpp">
      <Filter>Source Files</Filter>
    </ClCompile>
    <ClCompile Include="DeferredRenderingPass.cpp">
      <Filter>Source Files</Filter>
    </ClCompile>
    <ClCompile Include="CustomCamera.cpp">
      <Filter>Source Files</Filter>
    </ClCompile>
    <ClCompile Include="ShadowMapsGenerator.cpp">
      <Filter>Source Files</Filter>
    </ClCompile>
    <ClCompile Include="IDepthStencilView.cpp">
      <Filter>Source Files</Filter>
    </ClCompile>
    <ClCompile Include="OrthographicCamera.cpp">
      <Filter>Source Files</Filter>
    </ClCompile>
  </ItemGroup>
  <ItemGroup>
    <ClInclude Include="IRenderer.h">
      <Filter>Header Files</Filter>
    </ClInclude>
    <ClInclude Include="IRenderContext.h">
      <Filter>Header Files</Filter>
    </ClInclude>
    <ClInclude Include="IVertexShader.h">
      <Filter>Header Files</Filter>
    </ClInclude>
    <ClInclude Include="IPixelShader.h">
      <Filter>Header Files</Filter>
    </ClInclude>
    <ClInclude Include="ISwapchain.h">
      <Filter>Header Files</Filter>
    </ClInclude>
    <ClInclude Include="Fpch.h">
      <Filter>Header Files</Filter>
    </ClInclude>
    <ClInclude Include="PublicDefaults.h">
      <Filter>Header Files</Filter>
    </ClInclude>
    <ClInclude Include="InternalDefaults.h">
      <Filter>Header Files</Filter>
    </ClInclude>
    <ClInclude Include="IInputLayout.h">
      <Filter>Header Files</Filter>
    </ClInclude>
    <ClInclude Include="IVertexBuffer.h">
      <Filter>Header Files</Filter>
    </ClInclude>
    <ClInclude Include="IIndexBuffer.h">
      <Filter>Header Files</Filter>
    </ClInclude>
    <ClInclude Include="IRenderTargetView.h">
      <Filter>Header Files</Filter>
    </ClInclude>
    <ClInclude Include="ICamera.h">
      <Filter>Header Files</Filter>
    </ClInclude>
    <ClInclude Include="PerspectiveCamera.h">
      <Filter>Header Files</Filter>
    </ClInclude>
    <ClInclude Include="ConstantBuffer.h">
      <Filter>Header Files</Filter>
    </ClInclude>
    <ClInclude Include="IDepthStencilBuffer.h">
      <Filter>Header Files</Filter>
    </ClInclude>
    <ClInclude Include="Material.h">
      <Filter>Header Files</Filter>
    </ClInclude>
    <ClInclude Include="Renderable.h">
      <Filter>Header Files</Filter>
    </ClInclude>
    <ClInclude Include="IShadersManager.h">
      <Filter>Header Files</Filter>
    </ClInclude>
    <ClInclude Include="..\..\External\tinyobjloader\tiny_obj_loader.h">
      <Filter>Header Files\External</Filter>
    </ClInclude>
    <ClInclude Include="IModelsLoader.h">
      <Filter>Header Files</Filter>
    </ClInclude>
    <ClInclude Include="TinyObjModelsLoader.h">
      <Filter>Header Files</Filter>
    </ClInclude>
    <ClInclude Include="Model.h">
      <Filter>Header Files</Filter>
    </ClInclude>
    <ClInclude Include="ResourcesManager.h">
      <Filter>Header Files</Filter>
    </ClInclude>
    <ClInclude Include="ITexturesLoader.h">
      <Filter>Header Files</Filter>
    </ClInclude>
    <ClInclude Include="ITexture.h">
      <Filter>Header Files</Filter>
    </ClInclude>
    <ClInclude Include="ISamplerState.h">
      <Filter>Header Files</Filter>
    </ClInclude>
    <ClInclude Include="IRenderingPass.h">
      <Filter>Header Files</Filter>
    </ClInclude>
    <ClInclude Include="ForwardRenderingPass.h">
      <Filter>Header Files</Filter>
    </ClInclude>
    <ClInclude Include="IShaderResourceView.h">
      <Filter>Header Files</Filter>
    </ClInclude>
    <ClInclude Include="FullScreenRenderingPass.h">
      <Filter>Header Files</Filter>
    </ClInclude>
    <ClInclude Include="LightData.h">
      <Filter>Header Files</Filter>
    </ClInclude>
    <ClInclude Include="IBlendState.h">
      <Filter>Header Files</Filter>
    </ClInclude>
    <ClInclude Include="IShader.h">
      <Filter>Header Files</Filter>
    </ClInclude>
    <ClInclude Include="ShaderPack.h">
      <Filter>Header Files</Filter>
    </ClInclude>
    <ClInclude Include="IDepthStencilState.h">
      <Filter>Header Files</Filter>
    </ClInclude>
    <ClInclude Include="DeferredRenderingPass.h">
      <Filter>Header Files</Filter>
    </ClInclude>
    <ClInclude Include="CustomCamera.h">
      <Filter>Header Files</Filter>
    </ClInclude>
    <ClInclude Include="ShadowMapsGenerator.h">
      <Filter>Header Files</Filter>
    </ClInclude>
    <ClInclude Include="IDepthStencilView.h">
      <Filter>Header Files</Filter>
    </ClInclude>
    <ClInclude Include="OrthographicCamera.h">
      <Filter>Header Files</Filter>
    </ClInclude>
  </ItemGroup>
</Project>