<?xml version="1.0" encoding="utf-8"?>
<Project ToolsVersion="4.0" xmlns="http://schemas.microsoft.com/developer/msbuild/2003">
  <ItemGroup>
    <ClCompile Include="ApplicationInstance.cpp">
      <Filter>Source Files</Filter>
    </ClCompile>
    <ClCompile Include="EngineInstance.cpp">
      <Filter>Source Files</Filter>
    </ClCompile>
    <ClCompile Include="Fpch.cpp">
      <Filter>Source Files</Filter>
    </ClCompile>
    <ClCompile Include="ObjectsManager.cpp">
      <Filter>Source Files</Filter>
    </ClCompile>
    <ClCompile Include="UpdateManager.cpp">
      <Filter>Source Files</Filter>
    </ClCompile>
    <ClCompile Include="IComponent.cpp">
      <Filter>Source Files</Filter>
    </ClCompile>
    <ClCompile Include="ISystem.cpp">
      <Filter>Source Files</Filter>
    </ClCompile>
    <ClCompile Include="SystemsManager.cpp">
      <Filter>Source Files</Filter>
    </ClCompile>
    <ClCompile Include="Object.cpp" />
    <ClCompile Include="ObjectID.cpp" />
  </ItemGroup>
  <ItemGroup>
    <ClInclude Include="ApplicationInstance.h">
      <Filter>Header Files</Filter>
    </ClInclude>
    <ClInclude Include="EngineInstance.h">
      <Filter>Header Files</Filter>
    </ClInclude>
    <ClInclude Include="Fpch.h">
      <Filter>Header Files</Filter>
    </ClInclude>
    <ClInclude Include="InternalDefaults.h">
      <Filter>Header Files</Filter>
    </ClInclude>
    <ClInclude Include="PublicDefaults.h">
      <Filter>Header Files</Filter>
    </ClInclude>
    <ClInclude Include="ObjectsManager.h">
      <Filter>Header Files</Filter>
    </ClInclude>
    <ClInclude Include="UpdateManager.h">
      <Filter>Header Files</Filter>
    </ClInclude>
    <ClInclude Include="IComponent.h">
      <Filter>Header Files</Filter>
    </ClInclude>
    <ClInclude Include="ISystem.h">
      <Filter>Header Files</Filter>
    </ClInclude>
    <ClInclude Include="SystemsManager.h">
      <Filter>Header Files</Filter>
    </ClInclude>
    <ClInclude Include="Object.h" />
    <ClInclude Include="ObjectID.h" />
  </ItemGroup>
  <ItemGroup>
    <Filter Include="Header Files">
      <UniqueIdentifier>{c3c8c5af-4003-47b1-99bf-a51bbfcd801c}</UniqueIdentifier>
    </Filter>
    <Filter Include="Source Files">
      <UniqueIdentifier>{896cd61c-89a0-41d3-a03d-15e34a1af2d1}</UniqueIdentifier>
    </Filter>
  </ItemGroup>
</Project>